
Microsoft Visual Studio Solution File, Format Version 12.00
# Visual Studio 15
VisualStudioVersion = 15.0.28010.2050
MinimumVisualStudioVersion = 10.0.40219.1
Project("{FAE04EC0-301F-11D3-BF4B-00C04F79EFBC}") = "EntryPoint", "EntryPoint\EntryPoint.csproj", "{586C3DC0-A53E-4613-90E9-1DC62C5E7A19}"
EndProject
Project("{FAE04EC0-301F-11D3-BF4B-00C04F79EFBC}") = "Test", "Test\Test.csproj", "{5EBFD67B-34E9-46C8-B0B4-71570C55B4A9}"
EndProject
Project("{FAE04EC0-301F-11D3-BF4B-00C04F79EFBC}") = "DataAggregator", "DataHandler\DataAggregator.csproj", "{289B250F-A9AC-4692-9F04-F9D3538AA84C}"
EndProject
Global
	GlobalSection(SolutionConfigurationPlatforms) = preSolution
		Debug|Any CPU = Debug|Any CPU
		Release|Any CPU = Release|Any CPU
	EndGlobalSection
	GlobalSection(ProjectConfigurationPlatforms) = postSolution
		{586C3DC0-A53E-4613-90E9-1DC62C5E7A19}.Debug|Any CPU.ActiveCfg = Debug|Any CPU
		{586C3DC0-A53E-4613-90E9-1DC62C5E7A19}.Debug|Any CPU.Build.0 = Debug|Any CPU
		{586C3DC0-A53E-4613-90E9-1DC62C5E7A19}.Release|Any CPU.ActiveCfg = Release|Any CPU
		{586C3DC0-A53E-4613-90E9-1DC62C5E7A19}.Release|Any CPU.Build.0 = Release|Any CPU
		{5EBFD67B-34E9-46C8-B0B4-71570C55B4A9}.Debug|Any CPU.ActiveCfg = Debug|Any CPU
		{5EBFD67B-34E9-46C8-B0B4-71570C55B4A9}.Debug|Any CPU.Build.0 = Debug|Any CPU
		{5EBFD67B-34E9-46C8-B0B4-71570C55B4A9}.Release|Any CPU.ActiveCfg = Release|Any CPU
		{5EBFD67B-34E9-46C8-B0B4-71570C55B4A9}.Release|Any CPU.Build.0 = Release|Any CPU
		{289B250F-A9AC-4692-9F04-F9D3538AA84C}.Debug|Any CPU.ActiveCfg = Debug|Any CPU
		{289B250F-A9AC-4692-9F04-F9D3538AA84C}.Debug|Any CPU.Build.0 = Debug|Any CPU
		{289B250F-A9AC-4692-9F04-F9D3538AA84C}.Release|Any CPU.ActiveCfg = Release|Any CPU
		{289B250F-A9AC-4692-9F04-F9D3538AA84C}.Release|Any CPU.Build.0 = Release|Any CPU
	EndGlobalSection
	GlobalSection(SolutionProperties) = preSolution
		HideSolutionNode = FALSE
	EndGlobalSection
	GlobalSection(ExtensibilityGlobals) = postSolution
		SolutionGuid = {75783D4F-3082-4518-867C-4DDB3425B039}
	EndGlobalSection
EndGlobal
